
Microsoft Visual Studio Solution File, Format Version 12.00
# Visual Studio Version 17
VisualStudioVersion = 17.9.34728.123
MinimumVisualStudioVersion = 10.0.40219.1
Project("{FAE04EC0-301F-11D3-BF4B-00C04F79EFBC}") = "MVCAjaxJQuery", "MVCAjaxJQuery\MVCAjaxJQuery.csproj", "{12530875-9468-43C9-A13C-F3E2F4DA11DA}"
EndProject
Global
	GlobalSection(SolutionConfigurationPlatforms) = preSolution
		Debug|Any CPU = Debug|Any CPU
		Release|Any CPU = Release|Any CPU
	EndGlobalSection
	GlobalSection(ProjectConfigurationPlatforms) = postSolution
		{12530875-9468-43C9-A13C-F3E2F4DA11DA}.Debug|Any CPU.ActiveCfg = Debug|Any CPU
		{12530875-9468-43C9-A13C-F3E2F4DA11DA}.Debug|Any CPU.Build.0 = Debug|Any CPU
		{12530875-9468-43C9-A13C-F3E2F4DA11DA}.Release|Any CPU.ActiveCfg = Release|Any CPU
		{12530875-9468-43C9-A13C-F3E2F4DA11DA}.Release|Any CPU.Build.0 = Release|Any CPU
	EndGlobalSection
	GlobalSection(SolutionProperties) = preSolution
		HideSolutionNode = FALSE
	EndGlobalSection
	GlobalSection(ExtensibilityGlobals) = postSolution
		SolutionGuid = {581D9A27-AB31-4EAF-BA1F-89DC1F22BC9A}
	EndGlobalSection
EndGlobal
